
Microsoft Visual Studio Solution File, Format Version 12.00
# Visual Studio Version 16
VisualStudioVersion = 16.0.31019.35
MinimumVisualStudioVersion = 10.0.40219.1
Project("{FAE04EC0-301F-11D3-BF4B-00C04F79EFBC}") = "3Sum Smaller", "3Sum Smaller\3Sum Smaller.csproj", "{1CFE9338-0D7F-42DF-9476-668CB7658FC5}"
EndProject
Global
	GlobalSection(SolutionConfigurationPlatforms) = preSolution
		Debug|Any CPU = Debug|Any CPU
		Release|Any CPU = Release|Any CPU
	EndGlobalSection
	GlobalSection(ProjectConfigurationPlatforms) = postSolution
		{1CFE9338-0D7F-42DF-9476-668CB7658FC5}.Debug|Any CPU.ActiveCfg = Debug|Any CPU
		{1CFE9338-0D7F-42DF-9476-668CB7658FC5}.Debug|Any CPU.Build.0 = Debug|Any CPU
		{1CFE9338-0D7F-42DF-9476-668CB7658FC5}.Release|Any CPU.ActiveCfg = Release|Any CPU
		{1CFE9338-0D7F-42DF-9476-668CB7658FC5}.Release|Any CPU.Build.0 = Release|Any CPU
	EndGlobalSection
	GlobalSection(SolutionProperties) = preSolution
		HideSolutionNode = FALSE
	EndGlobalSection
	GlobalSection(ExtensibilityGlobals) = postSolution
		SolutionGuid = {89C5BB0D-ABBA-4A49-B3BB-3D15AB0D1BE0}
	EndGlobalSection
EndGlobal
